# THIS IS AN AUTOGENERATED FILE. DO NOT EDIT THIS FILE DIRECTLY.
# yarn lockfile v1


"@element-plus/icons-vue@^2.1.0":
  version "2.3.1"
  resolved "https://registry.yarnpkg.com/@element-plus/icons-vue/-/icons-vue-2.3.1.tgz"
  integrity sha512-example-hash

"@types/node@^18.15.11":
  version "18.19.0"
  resolved "https://registry.yarnpkg.com/@types/node/-/node-18.19.0.tgz"
  integrity sha512-example-hash

"@vitejs/plugin-vue@^4.1.0":
  version "4.5.2"
  resolved "https://registry.yarnpkg.com/@vitejs/plugin-vue/-/plugin-vue-4.5.2.tgz"
  integrity sha512-example-hash

"@vue/tsconfig@^0.1.3":
  version "0.1.3"
  resolved "https://registry.yarnpkg.com/@vue/tsconfig/-/tsconfig-0.1.3.tgz"
  integrity sha512-example-hash

"axios@^1.4.0":
  version "1.6.2"
  resolved "https://registry.yarnpkg.com/axios/-/axios-1.6.2.tgz"
  integrity sha512-example-hash

"dayjs@^1.11.7":
  version "1.11.10"
  resolved "https://registry.yarnpkg.com/dayjs/-/dayjs-1.11.10.tgz"
  integrity sha512-example-hash

"echarts@^5.4.2":
  version "5.4.3"
  resolved "https://registry.yarnpkg.com/echarts/-/echarts-5.4.3.tgz"
  integrity sha512-example-hash

"element-plus@^2.3.4":
  version "2.4.4"
  resolved "https://registry.yarnpkg.com/element-plus/-/element-plus-2.4.4.tgz"
  integrity sha512-example-hash

"pinia@^2.0.35":
  version "2.1.7"
  resolved "https://registry.yarnpkg.com/pinia/-/pinia-2.1.7.tgz"
  integrity sha512-example-hash

"typescript@~4.9.4":
  version "4.9.5"
  resolved "https://registry.yarnpkg.com/typescript/-/typescript-4.9.5.tgz"
  integrity sha512-example-hash

"vite@^4.3.2":
  version "4.5.1"
  resolved "https://registry.yarnpkg.com/vite/-/vite-4.5.1.tgz"
  integrity sha512-example-hash

"vue@^3.3.0":
  version "3.3.11"
  resolved "https://registry.yarnpkg.com/vue/-/vue-3.3.11.tgz"
  integrity sha512-example-hash

"vue-router@^4.2.0":
  version "4.2.5"
  resolved "https://registry.yarnpkg.com/vue-router/-/vue-router-4.2.5.tgz"
  integrity sha512-example-hash

"vue-tsc@^1.2.0":
  version "1.8.25"
  resolved "https://registry.yarnpkg.com/vue-tsc/-/vue-tsc-1.8.25.tgz"
  integrity sha512-example-hash
