# THIS IS AN AUTOGENERATED FILE. DO NOT EDIT THIS FILE DIRECTLY.
# yarn lockfile v1


"@midwayjs/core@^3.0.0":
  version "3.16.7"
  resolved "https://registry.yarnpkg.com/@midwayjs/core/-/core-3.16.7.tgz"
  integrity sha512-example-hash

"@midwayjs/decorator@^3.0.0":
  version "3.16.7"
  resolved "https://registry.yarnpkg.com/@midwayjs/decorator/-/decorator-3.16.7.tgz"
  integrity sha512-example-hash

"@midwayjs/koa@^3.0.0":
  version "3.16.7"
  resolved "https://registry.yarnpkg.com/@midwayjs/koa/-/koa-3.16.7.tgz"
  integrity sha512-example-hash

"@midwayjs/typeorm@^3.0.0":
  version "3.16.7"
  resolved "https://registry.yarnpkg.com/@midwayjs/typeorm/-/typeorm-3.16.7.tgz"
  integrity sha512-example-hash

"@midwayjs/validate@^3.0.0":
  version "3.16.7"
  resolved "https://registry.yarnpkg.com/@midwayjs/validate/-/validate-3.16.7.tgz"
  integrity sha512-example-hash

"@types/node@^18.0.0":
  version "18.19.0"
  resolved "https://registry.yarnpkg.com/@types/node/-/node-18.19.0.tgz"
  integrity sha512-example-hash

"bcryptjs@^2.4.3":
  version "2.4.3"
  resolved "https://registry.yarnpkg.com/bcryptjs/-/bcryptjs-2.4.3.tgz"
  integrity sha512-example-hash

"cors@^2.8.5":
  version "2.8.5"
  resolved "https://registry.yarnpkg.com/cors/-/cors-2.8.5.tgz"
  integrity sha512-example-hash

"dayjs@^1.11.7":
  version "1.11.10"
  resolved "https://registry.yarnpkg.com/dayjs/-/dayjs-1.11.10.tgz"
  integrity sha512-example-hash

"dotenv@^16.0.3":
  version "16.3.1"
  resolved "https://registry.yarnpkg.com/dotenv/-/dotenv-16.3.1.tgz"
  integrity sha512-example-hash

"jsonwebtoken@^9.0.0":
  version "9.0.2"
  resolved "https://registry.yarnpkg.com/jsonwebtoken/-/jsonwebtoken-9.0.2.tgz"
  integrity sha512-example-hash

"mysql2@^3.2.0":
  version "3.6.5"
  resolved "https://registry.yarnpkg.com/mysql2/-/mysql2-3.6.5.tgz"
  integrity sha512-example-hash

"reflect-metadata@^0.1.13":
  version "0.1.14"
  resolved "https://registry.yarnpkg.com/reflect-metadata/-/reflect-metadata-0.1.14.tgz"
  integrity sha512-example-hash

"typeorm@^0.3.12":
  version "0.3.17"
  resolved "https://registry.yarnpkg.com/typeorm/-/typeorm-0.3.17.tgz"
  integrity sha512-example-hash

"typescript@^4.9.5":
  version "4.9.5"
  resolved "https://registry.yarnpkg.com/typescript/-/typescript-4.9.5.tgz"
  integrity sha512-example-hash
